
Microsoft Visual Studio Solution File, Format Version 12.00
# Visual Studio Version 16
VisualStudioVersion = 16.0.29209.62
MinimumVisualStudioVersion = 10.0.40219.1
Project("{FAE04EC0-301F-11D3-BF4B-00C04F79EFBC}") = "ALMCourseGit.Web", "ALMCourseGit.Web\ALMCourseGit.Web.csproj", "{38F71959-4B42-45E1-8A9E-F85D09B9C0DB}"
EndProject
Project("{FAE04EC0-301F-11D3-BF4B-00C04F79EFBC}") = "ALMCourseGit.Tests", "ALMCourseGit.Tests\ALMCourseGit.Tests.csproj", "{A50B45B3-B5E2-421F-95EB-1AE69692283A}"
EndProject
Global
	GlobalSection(SolutionConfigurationPlatforms) = preSolution
		Debug|Any CPU = Debug|Any CPU
		Release|Any CPU = Release|Any CPU
	EndGlobalSection
	GlobalSection(ProjectConfigurationPlatforms) = postSolution
		{38F71959-4B42-45E1-8A9E-F85D09B9C0DB}.Debug|Any CPU.ActiveCfg = Debug|Any CPU
		{38F71959-4B42-45E1-8A9E-F85D09B9C0DB}.Debug|Any CPU.Build.0 = Debug|Any CPU
		{38F71959-4B42-45E1-8A9E-F85D09B9C0DB}.Release|Any CPU.ActiveCfg = Release|Any CPU
		{38F71959-4B42-45E1-8A9E-F85D09B9C0DB}.Release|Any CPU.Build.0 = Release|Any CPU
		{A50B45B3-B5E2-421F-95EB-1AE69692283A}.Debug|Any CPU.ActiveCfg = Debug|Any CPU
		{A50B45B3-B5E2-421F-95EB-1AE69692283A}.Debug|Any CPU.Build.0 = Debug|Any CPU
		{A50B45B3-B5E2-421F-95EB-1AE69692283A}.Release|Any CPU.ActiveCfg = Release|Any CPU
		{A50B45B3-B5E2-421F-95EB-1AE69692283A}.Release|Any CPU.Build.0 = Release|Any CPU
	EndGlobalSection
	GlobalSection(SolutionProperties) = preSolution
		HideSolutionNode = FALSE
	EndGlobalSection
	GlobalSection(ExtensibilityGlobals) = postSolution
		SolutionGuid = {C766BA77-CD10-4091-A967-21711C19F99B}
	EndGlobalSection
EndGlobal
